// !$*UTF8*$!
{
	archiveVersion = 1;
	classes = {
	};
	objectVersion = 56;
	objects = {

/* Begin PBXBuildFile section */
		D92DDFE82B4716A200BF882A /* VocabularioMaestroApp.swift in Sources */ = {isa = PBXBuildFile; fileRef = D92DDFE72B4716A200BF882A /* VocabularioMaestroApp.swift */; };
		D92DDFEA2B4716A200BF882A /* ContentView.swift in Sources */ = {isa = PBXBuildFile; fileRef = D92DDFE92B4716A200BF882A /* ContentView.swift */; };
		D92DDFEC2B4716A300BF882A /* Assets.xcassets in Resources */ = {isa = PBXBuildFile; fileRef = D92DDFEB2B4716A300BF882A /* Assets.xcassets */; };
		D92DDFEF2B4716A300BF882A /* Preview Assets.xcassets in Resources */ = {isa = PBXBuildFile; fileRef = D92DDFEE2B4716A300BF882A /* Preview Assets.xcassets */; };
		D92DDFF62B47193F00BF882A /* VocabularyInputView.swift in Sources */ = {isa = PBXBuildFile; fileRef = D92DDFF52B47193F00BF882A /* VocabularyInputView.swift */; };
		D92DDFF82B471B6F00BF882A /* Definition.swift in Sources */ = {isa = PBXBuildFile; fileRef = D92DDFF72B471B6F00BF882A /* Definition.swift */; };
		D92DDFFC2B489BC000BF882A /* EditDefinitionView.swift in Sources */ = {isa = PBXBuildFile; fileRef = D92DDFFB2B489BC000BF882A /* EditDefinitionView.swift */; };
/* End PBXBuildFile section */

/* Begin PBXFileReference section */
		D92DDFE42B4716A200BF882A /* VocabularioMaestro.app */ = {isa = PBXFileReference; explicitFileType = wrapper.application; includeInIndex = 0; path = VocabularioMaestro.app; sourceTree = BUILT_PRODUCTS_DIR; };
		D92DDFE72B4716A200BF882A /* VocabularioMaestroApp.swift */ = {isa = PBXFileReference; lastKnownFileType = sourcecode.swift; path = VocabularioMaestroApp.swift; sourceTree = "<group>"; };
		D92DDFE92B4716A200BF882A /* ContentView.swift */ = {isa = PBXFileReference; lastKnownFileType = sourcecode.swift; path = ContentView.swift; sourceTree = "<group>"; };
		D92DDFEB2B4716A300BF882A /* Assets.xcassets */ = {isa = PBXFileReference; lastKnownFileType = folder.assetcatalog; path = Assets.xcassets; sourceTree = "<group>"; };
		D92DDFEE2B4716A300BF882A /* Preview Assets.xcassets */ = {isa = PBXFileReference; lastKnownFileType = folder.assetcatalog; path = "Preview Assets.xcassets"; sourceTree = "<group>"; };
		D92DDFF52B47193F00BF882A /* VocabularyInputView.swift */ = {isa = PBXFileReference; lastKnownFileType = sourcecode.swift; path = VocabularyInputView.swift; sourceTree = "<group>"; };
		D92DDFF72B471B6F00BF882A /* Definition.swift */ = {isa = PBXFileReference; lastKnownFileType = sourcecode.swift; path = Definition.swift; sourceTree = "<group>"; };
		D92DDFFB2B489BC000BF882A /* EditDefinitionView.swift */ = {isa = PBXFileReference; lastKnownFileType = sourcecode.swift; path = EditDefinitionView.swift; sourceTree = "<group>"; };
/* End PBXFileReference section */

/* Begin PBXFrameworksBuildPhase section */
		D92DDFE12B4716A200BF882A /* Frameworks */ = {
			isa = PBXFrameworksBuildPhase;
			buildActionMask = 2147483647;
			files = (
			);
			runOnlyForDeploymentPostprocessing = 0;
		};
/* End PBXFrameworksBuildPhase section */

/* Begin PBXGroup section */
		D92DDFDB2B4716A200BF882A = {
			isa = PBXGroup;
			children = (
				D92DDFE62B4716A200BF882A /* VocabularioMaestro */,
				D92DDFE52B4716A200BF882A /* Products */,
			);
			sourceTree = "<group>";
		};
		D92DDFE52B4716A200BF882A /* Products */ = {
			isa = PBXGroup;
			children = (
				D92DDFE42B4716A200BF882A /* VocabularioMaestro.app */,
			);
			name = Products;
			sourceTree = "<group>";
		};
		D92DDFE62B4716A200BF882A /* VocabularioMaestro */ = {
			isa = PBXGroup;
			children = (
				D92DDFE72B4716A200BF882A /* VocabularioMaestroApp.swift */,
				D92DDFE92B4716A200BF882A /* ContentView.swift */,
				D92DDFF52B47193F00BF882A /* VocabularyInputView.swift */,
				D92DDFFB2B489BC000BF882A /* EditDefinitionView.swift */,
				D92DDFF72B471B6F00BF882A /* Definition.swift */,
				D92DDFEB2B4716A300BF882A /* Assets.xcassets */,
				D92DDFED2B4716A300BF882A /* Preview Content */,
			);
			path = VocabularioMaestro;
			sourceTree = "<group>";
		};
		D92DDFED2B4716A300BF882A /* Preview Content */ = {
			isa = PBXGroup;
			children = (
				D92DDFEE2B4716A300BF882A /* Preview Assets.xcassets */,
			);
			path = "Preview Content";
			sourceTree = "<group>";
		};
/* End PBXGroup section */

/* Begin PBXNativeTarget section */
		D92DDFE32B4716A200BF882A /* VocabularioMaestro */ = {
			isa = PBXNativeTarget;
			buildConfigurationList = D92DDFF22B4716A300BF882A /* Build configuration list for PBXNativeTarget "VocabularioMaestro" */;
			buildPhases = (
				D92DDFE02B4716A200BF882A /* Sources */,
				D92DDFE12B4716A200BF882A /* Frameworks */,
				D92DDFE22B4716A200BF882A /* Resources */,
			);
			buildRules = (
			);
			dependencies = (
			);
			name = VocabularioMaestro;
			productName = VocabularioMaestro;
			productReference = D92DDFE42B4716A200BF882A /* VocabularioMaestro.app */;
			productType = "com.apple.product-type.application";
		};
/* End PBXNativeTarget section */

/* Begin PBXProject section */
		D92DDFDC2B4716A200BF882A /* Project object */ = {
			isa = PBXProject;
			attributes = {
				BuildIndependentTargetsInParallel = 1;
				LastSwiftUpdateCheck = 1500;
				LastUpgradeCheck = 1500;
				TargetAttributes = {
					D92DDFE32B4716A200BF882A = {
						CreatedOnToolsVersion = 15.0.1;
					};
				};
			};
			buildConfigurationList = D92DDFDF2B4716A200BF882A /* Build configuration list for PBXProject "VocabularioMaestro" */;
			compatibilityVersion = "Xcode 14.0";
			developmentRegion = en;
			hasScannedForEncodings = 0;
			knownRegions = (
				en,
				Base,
			);
			mainGroup = D92DDFDB2B4716A200BF882A;
			productRefGroup = D92DDFE52B4716A200BF882A /* Products */;
			projectDirPath = "";
			projectRoot = "";
			targets = (
				D92DDFE32B4716A200BF882A /* VocabularioMaestro */,
			);
		};
/* End PBXProject section */

/* Begin PBXResourcesBuildPhase section */
		D92DDFE22B4716A200BF882A /* Resources */ = {
			isa = PBXResourcesBuildPhase;
			buildActionMask = 2147483647;
			files = (
				D92DDFEF2B4716A300BF882A /* Preview Assets.xcassets in Resources */,
				D92DDFEC2B4716A300BF882A /* Assets.xcassets in Resources */,
			);
			runOnlyForDeploymentPostprocessing = 0;
		};
/* End PBXResourcesBuildPhase section */

/* Begin PBXSourcesBuildPhase section */
		D92DDFE02B4716A200BF882A /* Sources */ = {
			isa = PBXSourcesBuildPhase;
			buildActionMask = 2147483647;
			files = (
				D92DDFFC2B489BC000BF882A /* EditDefinitionView.swift in Sources */,
				D92DDFEA2B4716A200BF882A /* ContentView.swift in Sources */,
				D92DDFE82B4716A200BF882A /* VocabularioMaestroApp.swift in Sources */,
				D92DDFF82B471B6F00BF882A /* Definition.swift in Sources */,
				D92DDFF62B47193F00BF882A /* VocabularyInputView.swift in Sources */,
			);
			runOnlyForDeploymentPostprocessing = 0;
		};
/* End PBXSourcesBuildPhase section */

/* Begin XCBuildConfiguration section */
		D92DDFF02B4716A300BF882A /* Debug */ = {
			isa = XCBuildConfiguration;
			buildSettings = {
				ALWAYS_SEARCH_USER_PATHS = NO;
				ASSETCATALOG_COMPILER_GENERATE_SWIFT_ASSET_SYMBOL_EXTENSIONS = YES;
				CLANG_ANALYZER_NONNULL = YES;
				CLANG_ANALYZER_NUMBER_OBJECT_CONVERSION = YES_AGGRESSIVE;
				CLANG_CXX_LANGUAGE_STANDARD = "gnu++20";
				CLANG_ENABLE_MODULES = YES;
				CLANG_ENABLE_OBJC_ARC = YES;
				CLANG_ENABLE_OBJC_WEAK = YES;
				CLANG_WARN_BLOCK_CAPTURE_AUTORELEASING = YES;
				CLANG_WARN_BOOL_CONVERSION = YES;
				CLANG_WARN_COMMA = YES;
				CLANG_WARN_CONSTANT_CONVERSION = YES;
				CLANG_WARN_DEPRECATED_OBJC_IMPLEMENTATIONS = YES;
				CLANG_WARN_DIRECT_OBJC_ISA_USAGE = YES_ERROR;
				CLANG_WARN_DOCUMENTATION_COMMENTS = YES;
				CLANG_WARN_EMPTY_BODY = YES;
				CLANG_WARN_ENUM_CONVERSION = YES;
				CLANG_WARN_INFINITE_RECURSION = YES;
				CLANG_WARN_INT_CONVERSION = YES;
				CLANG_WARN_NON_LITERAL_NULL_CONVERSION = YES;
				CLANG_WARN_OBJC_IMPLICIT_RETAIN_SELF = YES;
				CLANG_WARN_OBJC_LITERAL_CONVERSION = YES;
				CLANG_WARN_OBJC_ROOT_CLASS = YES_ERROR;
				CLANG_WARN_QUOTED_INCLUDE_IN_FRAMEWORK_HEADER = YES;
				CLANG_WARN_RANGE_LOOP_ANALYSIS = YES;
				CLANG_WARN_STRICT_PROTOTYPES = YES;
				CLANG_WARN_SUSPICIOUS_MOVE = YES;
				CLANG_WARN_UNGUARDED_AVAILABILITY = YES_AGGRESSIVE;
				CLANG_WARN_UNREACHABLE_CODE = YES;
				CLANG_WARN__DUPLICATE_METHOD_MATCH = YES;
				COPY_PHASE_STRIP = NO;
				DEBUG_INFORMATION_FORMAT = dwarf;
				ENABLE_STRICT_OBJC_MSGSEND = YES;
				ENABLE_TESTABILITY = YES;
				ENABLE_USER_SCRIPT_SANDBOXING = YES;
				GCC_C_LANGUAGE_STANDARD = gnu17;
				GCC_DYNAMIC_NO_PIC = NO;
				GCC_NO_COMMON_BLOCKS = YES;
				GCC_OPTIMIZATION_LEVEL = 0;
				GCC_PREPROCESSOR_DEFINITIONS = (
					"DEBUG=1",
					"$(inherited)",
				);
				GCC_WARN_64_TO_32_BIT_CONVERSION = YES;
				GCC_WARN_ABOUT_RETURN_TYPE = YES_ERROR;
				GCC_WARN_UNDECLARED_SELECTOR = YES;
				GCC_WARN_UNINITIALIZED_AUTOS = YES_AGGRESSIVE;
				GCC_WARN_UNUSED_FUNCTION = YES;
				GCC_WARN_UNUSED_VARIABLE = YES;
				IPHONEOS_DEPLOYMENT_TARGET = 17.0;
				LOCALIZATION_PREFERS_STRING_CATALOGS = YES;
				MTL_ENABLE_DEBUG_INFO = INCLUDE_SOURCE;
				MTL_FAST_MATH = YES;
				ONLY_ACTIVE_ARCH = YES;
				SDKROOT = iphoneos;
				SWIFT_ACTIVE_COMPILATION_CONDITIONS = "DEBUG $(inherited)";
				SWIFT_OPTIMIZATION_LEVEL = "-Onone";
			};
			name = Debug;
		};
		D92DDFF12B4716A300BF882A /* Release */ = {
			isa = XCBuildConfiguration;
			buildSettings = {
				ALWAYS_SEARCH_USER_PATHS = NO;
				ASSETCATALOG_COMPILER_GENERATE_SWIFT_ASSET_SYMBOL_EXTENSIONS = YES;
				CLANG_ANALYZER_NONNULL = YES;
				CLANG_ANALYZER_NUMBER_OBJECT_CONVERSION = YES_AGGRESSIVE;
				CLANG_CXX_LANGUAGE_STANDARD = "gnu++20";
				CLANG_ENABLE_MODULES = YES;
				CLANG_ENABLE_OBJC_ARC = YES;
				CLANG_ENABLE_OBJC_WEAK = YES;
				CLANG_WARN_BLOCK_CAPTURE_AUTORELEASING = YES;
				CLANG_WARN_BOOL_CONVERSION = YES;
				CLANG_WARN_COMMA = YES;
				CLANG_WARN_CONSTANT_CONVERSION = YES;
				CLANG_WARN_DEPRECATED_OBJC_IMPLEMENTATIONS = YES;
				CLANG_WARN_DIRECT_OBJC_ISA_USAGE = YES_ERROR;
				CLANG_WARN_DOCUMENTATION_COMMENTS = YES;
				CLANG_WARN_EMPTY_BODY = YES;
				CLANG_WARN_ENUM_CONVERSION = YES;
				CLANG_WARN_INFINITE_RECURSION = YES;
				CLANG_WARN_INT_CONVERSION = YES;
				CLANG_WARN_NON_LITERAL_NULL_CONVERSION = YES;
				CLANG_WARN_OBJC_IMPLICIT_RETAIN_SELF = YES;
				CLANG_WARN_OBJC_LITERAL_CONVERSION = YES;
				CLANG_WARN_OBJC_ROOT_CLASS = YES_ERROR;
				CLANG_WARN_QUOTED_INCLUDE_IN_FRAMEWORK_HEADER = YES;
				CLANG_WARN_RANGE_LOOP_ANALYSIS = YES;
				CLANG_WARN_STRICT_PROTOTYPES = YES;
				CLANG_WARN_SUSPICIOUS_MOVE = YES;
				CLANG_WARN_UNGUARDED_AVAILABILITY = YES_AGGRESSIVE;
				CLANG_WARN_UNREACHABLE_CODE = YES;
				CLANG_WARN__DUPLICATE_METHOD_MATCH = YES;
				COPY_PHASE_STRIP = NO;
				DEBUG_INFORMATION_FORMAT = "dwarf-with-dsym";
				ENABLE_NS_ASSERTIONS = NO;
				ENABLE_STRICT_OBJC_MSGSEND = YES;
				ENABLE_USER_SCRIPT_SANDBOXING = YES;
				GCC_C_LANGUAGE_STANDARD = gnu17;
				GCC_NO_COMMON_BLOCKS = YES;
				GCC_WARN_64_TO_32_BIT_CONVERSION = YES;
				GCC_WARN_ABOUT_RETURN_TYPE = YES_ERROR;
				GCC_WARN_UNDECLARED_SELECTOR = YES;
				GCC_WARN_UNINITIALIZED_AUTOS = YES_AGGRESSIVE;
				GCC_WARN_UNUSED_FUNCTION = YES;
				GCC_WARN_UNUSED_VARIABLE = YES;
				IPHONEOS_DEPLOYMENT_TARGET = 17.0;
				LOCALIZATION_PREFERS_STRING_CATALOGS = YES;
				MTL_ENABLE_DEBUG_INFO = NO;
				MTL_FAST_MATH = YES;
				SDKROOT = iphoneos;
				SWIFT_COMPILATION_MODE = wholemodule;
				VALIDATE_PRODUCT = YES;
			};
			name = Release;
		};
		D92DDFF32B4716A300BF882A /* Debug */ = {
			isa = XCBuildConfiguration;
			buildSettings = {
				ASSETCATALOG_COMPILER_APPICON_NAME = AppIcon;
				ASSETCATALOG_COMPILER_GLOBAL_ACCENT_COLOR_NAME = AccentColor;
				CODE_SIGN_STYLE = Automatic;
				CURRENT_PROJECT_VERSION = 1;
				DEVELOPMENT_ASSET_PATHS = "\"VocabularioMaestro/Preview Content\"";
				DEVELOPMENT_TEAM = J2BHDH5JA3;
				ENABLE_PREVIEWS = YES;
				GENERATE_INFOPLIST_FILE = YES;
				INFOPLIST_KEY_UIApplicationSceneManifest_Generation = YES;
				INFOPLIST_KEY_UIApplicationSupportsIndirectInputEvents = YES;
				INFOPLIST_KEY_UILaunchScreen_Generation = YES;
				INFOPLIST_KEY_UISupportedInterfaceOrientations_iPad = "UIInterfaceOrientationPortrait UIInterfaceOrientationPortraitUpsideDown UIInterfaceOrientationLandscapeLeft UIInterfaceOrientationLandscapeRight";
				INFOPLIST_KEY_UISupportedInterfaceOrientations_iPhone = "UIInterfaceOrientationPortrait UIInterfaceOrientationLandscapeLeft UIInterfaceOrientationLandscapeRight";
				LD_RUNPATH_SEARCH_PATHS = (
					"$(inherited)",
					"@executable_path/Frameworks",
				);
				MARKETING_VERSION = 1.0;
				PRODUCT_BUNDLE_IDENTIFIER = com.Sasha.VocabularioMaestro;
				PRODUCT_NAME = "$(TARGET_NAME)";
				SWIFT_EMIT_LOC_STRINGS = YES;
				SWIFT_VERSION = 5.0;
				TARGETED_DEVICE_FAMILY = "1,2";
			};
			name = Debug;
		};
		D92DDFF42B4716A300BF882A /* Release */ = {
			isa = XCBuildConfiguration;
			buildSettings = {
				ASSETCATALOG_COMPILER_APPICON_NAME = AppIcon;
				ASSETCATALOG_COMPILER_GLOBAL_ACCENT_COLOR_NAME = AccentColor;
				CODE_SIGN_STYLE = Automatic;
				CURRENT_PROJECT_VERSION = 1;
				DEVELOPMENT_ASSET_PATHS = "\"VocabularioMaestro/Preview Content\"";
				DEVELOPMENT_TEAM = J2BHDH5JA3;
				ENABLE_PREVIEWS = YES;
				GENERATE_INFOPLIST_FILE = YES;
				INFOPLIST_KEY_UIApplicationSceneManifest_Generation = YES;
				INFOPLIST_KEY_UIApplicationSupportsIndirectInputEvents = YES;
				INFOPLIST_KEY_UILaunchScreen_Generation = YES;
				INFOPLIST_KEY_UISupportedInterfaceOrientations_iPad = "UIInterfaceOrientationPortrait UIInterfaceOrientationPortraitUpsideDown UIInterfaceOrientationLandscapeLeft UIInterfaceOrientationLandscapeRight";
				INFOPLIST_KEY_UISupportedInterfaceOrientations_iPhone = "UIInterfaceOrientationPortrait UIInterfaceOrientationLandscapeLeft UIInterfaceOrientationLandscapeRight";
				LD_RUNPATH_SEARCH_PATHS = (
					"$(inherited)",
					"@executable_path/Frameworks",
				);
				MARKETING_VERSION = 1.0;
				PRODUCT_BUNDLE_IDENTIFIER = com.Sasha.VocabularioMaestro;
				PRODUCT_NAME = "$(TARGET_NAME)";
				SWIFT_EMIT_LOC_STRINGS = YES;
				SWIFT_VERSION = 5.0;
				TARGETED_DEVICE_FAMILY = "1,2";
			};
			name = Release;
		};
/* End XCBuildConfiguration section */

/* Begin XCConfigurationList section */
		D92DDFDF2B4716A200BF882A /* Build configuration list for PBXProject "VocabularioMaestro" */ = {
			isa = XCConfigurationList;
			buildConfigurations = (
				D92DDFF02B4716A300BF882A /* Debug */,
				D92DDFF12B4716A300BF882A /* Release */,
			);
			defaultConfigurationIsVisible = 0;
			defaultConfigurationName = Release;
		};
		D92DDFF22B4716A300BF882A /* Build configuration list for PBXNativeTarget "VocabularioMaestro" */ = {
			isa = XCConfigurationList;
			buildConfigurations = (
				D92DDFF32B4716A300BF882A /* Debug */,
				D92DDFF42B4716A300BF882A /* Release */,
			);
			defaultConfigurationIsVisible = 0;
			defaultConfigurationName = Release;
		};
/* End XCConfigurationList section */
	};
	rootObject = D92DDFDC2B4716A200BF882A /* Project object */;
}
